
Microsoft Visual Studio Solution File, Format Version 12.00
# Visual Studio 14
VisualStudioVersion = 14.0.23107.0
MinimumVisualStudioVersion = 10.0.40219.1
Project("{FAE04EC0-301F-11D3-BF4B-00C04F79EFBC}") = "CheDaoReciptHike", "CheDaoReciptHike\CheDaoReciptHike.csproj", "{0AB47CD4-A31A-4753-9A3E-D177F5768F20}"
	ProjectSection(ProjectDependencies) = postProject
		{300DF611-E6A4-447F-86CB-FD409C50CE8A} = {300DF611-E6A4-447F-86CB-FD409C50CE8A}
		{81AE332F-E43D-429B-872A-14F5418FEA7F} = {81AE332F-E43D-429B-872A-14F5418FEA7F}
		{F419622F-4D82-40A6-B4FB-3FE36579F018} = {F419622F-4D82-40A6-B4FB-3FE36579F018}
		{02FEB5AC-F817-4AD5-8660-FF34323C2AE7} = {02FEB5AC-F817-4AD5-8660-FF34323C2AE7}
		{4C223DBF-74B3-4243-94C9-A681136E7959} = {4C223DBF-74B3-4243-94C9-A681136E7959}
	EndProjectSection
EndProject
Project("{FAE04EC0-301F-11D3-BF4B-00C04F79EFBC}") = "ReciptGen", "ReciptGen\ReciptGen.csproj", "{15E1673C-1B43-4FA9-8D6E-ABC8519E4A8D}"
EndProject
Project("{FAE04EC0-301F-11D3-BF4B-00C04F79EFBC}") = "CheDaoLoader", "CheDaoLoader\CheDaoLoader.csproj", "{02FEB5AC-F817-4AD5-8660-FF34323C2AE7}"
	ProjectSection(ProjectDependencies) = postProject
		{4C223DBF-74B3-4243-94C9-A681136E7959} = {4C223DBF-74B3-4243-94C9-A681136E7959}
	EndProjectSection
EndProject
Project("{FAE04EC0-301F-11D3-BF4B-00C04F79EFBC}") = "AutoUpdate", "AutoUpdate\AutoUpdate.csproj", "{300DF611-E6A4-447F-86CB-FD409C50CE8A}"
EndProject
Project("{FAE04EC0-301F-11D3-BF4B-00C04F79EFBC}") = "AutoUpdater", "AutoUpdater\AutoUpdater.csproj", "{4C223DBF-74B3-4243-94C9-A681136E7959}"
EndProject
Project("{FAE04EC0-301F-11D3-BF4B-00C04F79EFBC}") = "GlobalMacroRecorder", "GlobalMacroRecorder\GlobalMacroRecorder.csproj", "{81AE332F-E43D-429B-872A-14F5418FEA7F}"
EndProject
Project("{FAE04EC0-301F-11D3-BF4B-00C04F79EFBC}") = "MouseKeyboardLibrary", "MouseKeyboardLibrary\MouseKeyboardLibrary.csproj", "{F419622F-4D82-40A6-B4FB-3FE36579F018}"
EndProject
Project("{FAE04EC0-301F-11D3-BF4B-00C04F79EFBC}") = "WndInteract", "WndInteract\WndInteract.csproj", "{49A458A3-E69C-46CC-9901-17518FE42F87}"
EndProject
Global
	GlobalSection(SolutionConfigurationPlatforms) = preSolution
		Debug|Any CPU = Debug|Any CPU
		Release|Any CPU = Release|Any CPU
	EndGlobalSection
	GlobalSection(ProjectConfigurationPlatforms) = postSolution
		{0AB47CD4-A31A-4753-9A3E-D177F5768F20}.Debug|Any CPU.ActiveCfg = Debug|Any CPU
		{0AB47CD4-A31A-4753-9A3E-D177F5768F20}.Debug|Any CPU.Build.0 = Debug|Any CPU
		{0AB47CD4-A31A-4753-9A3E-D177F5768F20}.Release|Any CPU.ActiveCfg = Release|Any CPU
		{0AB47CD4-A31A-4753-9A3E-D177F5768F20}.Release|Any CPU.Build.0 = Release|Any CPU
		{15E1673C-1B43-4FA9-8D6E-ABC8519E4A8D}.Debug|Any CPU.ActiveCfg = Debug|Any CPU
		{15E1673C-1B43-4FA9-8D6E-ABC8519E4A8D}.Debug|Any CPU.Build.0 = Debug|Any CPU
		{15E1673C-1B43-4FA9-8D6E-ABC8519E4A8D}.Release|Any CPU.ActiveCfg = Release|Any CPU
		{15E1673C-1B43-4FA9-8D6E-ABC8519E4A8D}.Release|Any CPU.Build.0 = Release|Any CPU
		{02FEB5AC-F817-4AD5-8660-FF34323C2AE7}.Debug|Any CPU.ActiveCfg = Debug|Any CPU
		{02FEB5AC-F817-4AD5-8660-FF34323C2AE7}.Debug|Any CPU.Build.0 = Debug|Any CPU
		{02FEB5AC-F817-4AD5-8660-FF34323C2AE7}.Release|Any CPU.ActiveCfg = Release|Any CPU
		{02FEB5AC-F817-4AD5-8660-FF34323C2AE7}.Release|Any CPU.Build.0 = Release|Any CPU
		{300DF611-E6A4-447F-86CB-FD409C50CE8A}.Debug|Any CPU.ActiveCfg = Debug|Any CPU
		{300DF611-E6A4-447F-86CB-FD409C50CE8A}.Debug|Any CPU.Build.0 = Debug|Any CPU
		{300DF611-E6A4-447F-86CB-FD409C50CE8A}.Release|Any CPU.ActiveCfg = Release|Any CPU
		{300DF611-E6A4-447F-86CB-FD409C50CE8A}.Release|Any CPU.Build.0 = Release|Any CPU
		{4C223DBF-74B3-4243-94C9-A681136E7959}.Debug|Any CPU.ActiveCfg = Debug|Any CPU
		{4C223DBF-74B3-4243-94C9-A681136E7959}.Debug|Any CPU.Build.0 = Debug|Any CPU
		{4C223DBF-74B3-4243-94C9-A681136E7959}.Release|Any CPU.ActiveCfg = Release|Any CPU
		{4C223DBF-74B3-4243-94C9-A681136E7959}.Release|Any CPU.Build.0 = Release|Any CPU
		{81AE332F-E43D-429B-872A-14F5418FEA7F}.Debug|Any CPU.ActiveCfg = Debug|Any CPU
		{81AE332F-E43D-429B-872A-14F5418FEA7F}.Debug|Any CPU.Build.0 = Debug|Any CPU
		{81AE332F-E43D-429B-872A-14F5418FEA7F}.Release|Any CPU.ActiveCfg = Release|Any CPU
		{81AE332F-E43D-429B-872A-14F5418FEA7F}.Release|Any CPU.Build.0 = Release|Any CPU
		{F419622F-4D82-40A6-B4FB-3FE36579F018}.Debug|Any CPU.ActiveCfg = Debug|Any CPU
		{F419622F-4D82-40A6-B4FB-3FE36579F018}.Debug|Any CPU.Build.0 = Debug|Any CPU
		{F419622F-4D82-40A6-B4FB-3FE36579F018}.Release|Any CPU.ActiveCfg = Release|Any CPU
		{F419622F-4D82-40A6-B4FB-3FE36579F018}.Release|Any CPU.Build.0 = Release|Any CPU
		{49A458A3-E69C-46CC-9901-17518FE42F87}.Debug|Any CPU.ActiveCfg = Debug|Any CPU
		{49A458A3-E69C-46CC-9901-17518FE42F87}.Debug|Any CPU.Build.0 = Debug|Any CPU
		{49A458A3-E69C-46CC-9901-17518FE42F87}.Release|Any CPU.ActiveCfg = Release|Any CPU
		{49A458A3-E69C-46CC-9901-17518FE42F87}.Release|Any CPU.Build.0 = Release|Any CPU
	EndGlobalSection
	GlobalSection(SolutionProperties) = preSolution
		HideSolutionNode = FALSE
	EndGlobalSection
EndGlobal
